
Microsoft Visual Studio Solution File, Format Version 12.00
# Visual Studio Version 16
VisualStudioVersion = 16.0.30907.101
MinimumVisualStudioVersion = 10.0.40219.1
Project("{FAE04EC0-301F-11D3-BF4B-00C04F79EFBC}") = "HomeworkDictionary", "HomeworkDictionary\HomeworkDictionary.csproj", "{6AA274ED-1419-4B36-B8A1-F2AA8C168787}"
EndProject
Global
	GlobalSection(SolutionConfigurationPlatforms) = preSolution
		Debug|Any CPU = Debug|Any CPU
		Release|Any CPU = Release|Any CPU
	EndGlobalSection
	GlobalSection(ProjectConfigurationPlatforms) = postSolution
		{6AA274ED-1419-4B36-B8A1-F2AA8C168787}.Debug|Any CPU.ActiveCfg = Debug|Any CPU
		{6AA274ED-1419-4B36-B8A1-F2AA8C168787}.Debug|Any CPU.Build.0 = Debug|Any CPU
		{6AA274ED-1419-4B36-B8A1-F2AA8C168787}.Release|Any CPU.ActiveCfg = Release|Any CPU
		{6AA274ED-1419-4B36-B8A1-F2AA8C168787}.Release|Any CPU.Build.0 = Release|Any CPU
	EndGlobalSection
	GlobalSection(SolutionProperties) = preSolution
		HideSolutionNode = FALSE
	EndGlobalSection
	GlobalSection(ExtensibilityGlobals) = postSolution
		SolutionGuid = {EA670FCD-044D-4FD4-9BDD-9AC45E87E6E7}
	EndGlobalSection
EndGlobal
